
Microsoft Visual Studio Solution File, Format Version 12.00
# Visual Studio Version 16
VisualStudioVersion = 16.0.32002.261
MinimumVisualStudioVersion = 10.0.40219.1
Project("{FAE04EC0-301F-11D3-BF4B-00C04F79EFBC}") = "revString", "revString\revString.csproj", "{EA549E73-34DE-4EB4-966C-C2B2BAFB64B9}"
EndProject
Global
	GlobalSection(SolutionConfigurationPlatforms) = preSolution
		Debug|Any CPU = Debug|Any CPU
		Release|Any CPU = Release|Any CPU
	EndGlobalSection
	GlobalSection(ProjectConfigurationPlatforms) = postSolution
		{EA549E73-34DE-4EB4-966C-C2B2BAFB64B9}.Debug|Any CPU.ActiveCfg = Debug|Any CPU
		{EA549E73-34DE-4EB4-966C-C2B2BAFB64B9}.Debug|Any CPU.Build.0 = Debug|Any CPU
		{EA549E73-34DE-4EB4-966C-C2B2BAFB64B9}.Release|Any CPU.ActiveCfg = Release|Any CPU
		{EA549E73-34DE-4EB4-966C-C2B2BAFB64B9}.Release|Any CPU.Build.0 = Release|Any CPU
	EndGlobalSection
	GlobalSection(SolutionProperties) = preSolution
		HideSolutionNode = FALSE
	EndGlobalSection
	GlobalSection(ExtensibilityGlobals) = postSolution
		SolutionGuid = {F6D801AC-E728-4C8B-99F9-71CC0FC053EA}
	EndGlobalSection
EndGlobal
