
Microsoft Visual Studio Solution File, Format Version 12.00
# Visual Studio Version 16
VisualStudioVersion = 16.0.32002.261
MinimumVisualStudioVersion = 10.0.40219.1
Project("{FAE04EC0-301F-11D3-BF4B-00C04F79EFBC}") = "StuApiAng", "StuApiAng\StuApiAng.csproj", "{8962664B-C592-4021-A745-52DDF9BA7C56}"
EndProject
Global
	GlobalSection(SolutionConfigurationPlatforms) = preSolution
		Debug|Any CPU = Debug|Any CPU
		Release|Any CPU = Release|Any CPU
	EndGlobalSection
	GlobalSection(ProjectConfigurationPlatforms) = postSolution
		{8962664B-C592-4021-A745-52DDF9BA7C56}.Debug|Any CPU.ActiveCfg = Debug|Any CPU
		{8962664B-C592-4021-A745-52DDF9BA7C56}.Debug|Any CPU.Build.0 = Debug|Any CPU
		{8962664B-C592-4021-A745-52DDF9BA7C56}.Release|Any CPU.ActiveCfg = Release|Any CPU
		{8962664B-C592-4021-A745-52DDF9BA7C56}.Release|Any CPU.Build.0 = Release|Any CPU
	EndGlobalSection
	GlobalSection(SolutionProperties) = preSolution
		HideSolutionNode = FALSE
	EndGlobalSection
	GlobalSection(ExtensibilityGlobals) = postSolution
		SolutionGuid = {8AF66CB8-07FF-47DC-A6ED-CF264F868227}
	EndGlobalSection
EndGlobal
